
Microsoft Visual Studio Solution File, Format Version 12.00
# Visual Studio 15
VisualStudioVersion = 15.0.27703.2026
MinimumVisualStudioVersion = 10.0.40219.1
Project("{9A19103F-16F7-4668-BE54-9A1E7A4F7556}") = "StatlerWaldorfCorp.EcommerceCatalog", "..\StatlerWaldorfCorp.EcommerceCatalog.csproj", "{DA8F0E76-C9A3-488E-A81A-440A4C2E9488}"
EndProject
Global
	GlobalSection(SolutionConfigurationPlatforms) = preSolution
		Debug|Any CPU = Debug|Any CPU
		Release|Any CPU = Release|Any CPU
	EndGlobalSection
	GlobalSection(ProjectConfigurationPlatforms) = postSolution
		{DA8F0E76-C9A3-488E-A81A-440A4C2E9488}.Debug|Any CPU.ActiveCfg = Debug|Any CPU
		{DA8F0E76-C9A3-488E-A81A-440A4C2E9488}.Debug|Any CPU.Build.0 = Debug|Any CPU
		{DA8F0E76-C9A3-488E-A81A-440A4C2E9488}.Release|Any CPU.ActiveCfg = Release|Any CPU
		{DA8F0E76-C9A3-488E-A81A-440A4C2E9488}.Release|Any CPU.Build.0 = Release|Any CPU
	EndGlobalSection
	GlobalSection(SolutionProperties) = preSolution
		HideSolutionNode = FALSE
	EndGlobalSection
	GlobalSection(ExtensibilityGlobals) = postSolution
		SolutionGuid = {EEF048C0-C2C4-4364-B1D6-58EA2DBABB72}
	EndGlobalSection
EndGlobal
